
Microsoft Visual Studio Solution File, Format Version 12.00
# Visual Studio 15
VisualStudioVersion = 15.0.28307.1267
MinimumVisualStudioVersion = 10.0.40219.1
Project("{FAE04EC0-301F-11D3-BF4B-00C04F79EFBC}") = "WebAPIAcceptAnyReq", "WebAPIAcceptAnyReq\WebAPIAcceptAnyReq.csproj", "{7A9D3EE0-DBF9-4B2A-94B8-7414A6185854}"
EndProject
Global
	GlobalSection(SolutionConfigurationPlatforms) = preSolution
		Debug|Any CPU = Debug|Any CPU
		Release|Any CPU = Release|Any CPU
	EndGlobalSection
	GlobalSection(ProjectConfigurationPlatforms) = postSolution
		{7A9D3EE0-DBF9-4B2A-94B8-7414A6185854}.Debug|Any CPU.ActiveCfg = Debug|Any CPU
		{7A9D3EE0-DBF9-4B2A-94B8-7414A6185854}.Debug|Any CPU.Build.0 = Debug|Any CPU
		{7A9D3EE0-DBF9-4B2A-94B8-7414A6185854}.Release|Any CPU.ActiveCfg = Release|Any CPU
		{7A9D3EE0-DBF9-4B2A-94B8-7414A6185854}.Release|Any CPU.Build.0 = Release|Any CPU
	EndGlobalSection
	GlobalSection(SolutionProperties) = preSolution
		HideSolutionNode = FALSE
	EndGlobalSection
	GlobalSection(ExtensibilityGlobals) = postSolution
		SolutionGuid = {176CF178-5864-4E88-92C7-4F727C0C20DC}
	EndGlobalSection
EndGlobal
